
Microsoft Visual Studio Solution File, Format Version 12.00
# Visual Studio Version 17
VisualStudioVersion = 17.3.32929.385
MinimumVisualStudioVersion = 10.0.40219.1
Project("{FAE04EC0-301F-11D3-BF4B-00C04F79EFBC}") = "HuffmanCoding", "HuffmanCoding\HuffmanCoding.csproj", "{DEE9775C-2177-4D77-9895-8A07AF01FA80}"
EndProject
Global
	GlobalSection(SolutionConfigurationPlatforms) = preSolution
		Debug|Any CPU = Debug|Any CPU
		Release|Any CPU = Release|Any CPU
	EndGlobalSection
	GlobalSection(ProjectConfigurationPlatforms) = postSolution
		{DEE9775C-2177-4D77-9895-8A07AF01FA80}.Debug|Any CPU.ActiveCfg = Debug|Any CPU
		{DEE9775C-2177-4D77-9895-8A07AF01FA80}.Debug|Any CPU.Build.0 = Debug|Any CPU
		{DEE9775C-2177-4D77-9895-8A07AF01FA80}.Release|Any CPU.ActiveCfg = Release|Any CPU
		{DEE9775C-2177-4D77-9895-8A07AF01FA80}.Release|Any CPU.Build.0 = Release|Any CPU
	EndGlobalSection
	GlobalSection(SolutionProperties) = preSolution
		HideSolutionNode = FALSE
	EndGlobalSection
	GlobalSection(ExtensibilityGlobals) = postSolution
		SolutionGuid = {BB343724-2308-44A9-96C0-895CD05AC352}
	EndGlobalSection
EndGlobal
